
Microsoft Visual Studio Solution File, Format Version 12.00
# Visual Studio 2013
VisualStudioVersion = 12.0.31101.0
MinimumVisualStudioVersion = 10.0.40219.1
Project("{9092AA53-FB77-4645-B42D-1CCCA6BD08BD}") = "NodejsConsoleApp1", "NodejsConsoleApp1.njsproj", "{BC5F16D4-5D48-4C37-8E55-C71A9511BB01}"
EndProject
Global
	GlobalSection(SolutionConfigurationPlatforms) = preSolution
		Debug|Any CPU = Debug|Any CPU
		Release|Any CPU = Release|Any CPU
	EndGlobalSection
	GlobalSection(ProjectConfigurationPlatforms) = postSolution
		{BC5F16D4-5D48-4C37-8E55-C71A9511BB01}.Debug|Any CPU.ActiveCfg = Debug|Any CPU
		{BC5F16D4-5D48-4C37-8E55-C71A9511BB01}.Debug|Any CPU.Build.0 = Debug|Any CPU
		{BC5F16D4-5D48-4C37-8E55-C71A9511BB01}.Release|Any CPU.ActiveCfg = Release|Any CPU
		{BC5F16D4-5D48-4C37-8E55-C71A9511BB01}.Release|Any CPU.Build.0 = Release|Any CPU
	EndGlobalSection
	GlobalSection(SolutionProperties) = preSolution
		HideSolutionNode = FALSE
	EndGlobalSection
EndGlobal
